
Microsoft Visual Studio Solution File, Format Version 12.00
# Visual Studio Version 17
VisualStudioVersion = 17.5.002.0
MinimumVisualStudioVersion = 10.0.40219.1
Project("{9A19103F-16F7-4668-BE54-9A1E7A4F7556}") = "EmployeeManager", "EmployeeManager.csproj", "{87DB5D9C-7C1D-4657-96A9-7A77E6559500}"
EndProject
Global
	GlobalSection(SolutionConfigurationPlatforms) = preSolution
		Debug|Any CPU = Debug|Any CPU
		Release|Any CPU = Release|Any CPU
	EndGlobalSection
	GlobalSection(ProjectConfigurationPlatforms) = postSolution
		{87DB5D9C-7C1D-4657-96A9-7A77E6559500}.Debug|Any CPU.ActiveCfg = Debug|Any CPU
		{87DB5D9C-7C1D-4657-96A9-7A77E6559500}.Debug|Any CPU.Build.0 = Debug|Any CPU
		{87DB5D9C-7C1D-4657-96A9-7A77E6559500}.Release|Any CPU.ActiveCfg = Release|Any CPU
		{87DB5D9C-7C1D-4657-96A9-7A77E6559500}.Release|Any CPU.Build.0 = Release|Any CPU
	EndGlobalSection
	GlobalSection(SolutionProperties) = preSolution
		HideSolutionNode = FALSE
	EndGlobalSection
	GlobalSection(ExtensibilityGlobals) = postSolution
		SolutionGuid = {719C9F72-999C-408F-A820-8A869714F7D3}
	EndGlobalSection
EndGlobal
